// !$*UTF8*$!
{
	archiveVersion = 1;
	classes = {
	};
	objectVersion = 46;
	objects = {

/* Begin PBXBuildFile section */
		B908C30E193900F400612084 /* Foundation.framework in Frameworks */ = {isa = PBXBuildFile; fileRef = B908C30D193900F400612084 /* Foundation.framework */; };
		B908C310193900F400612084 /* CoreGraphics.framework in Frameworks */ = {isa = PBXBuildFile; fileRef = B908C30F193900F400612084 /* CoreGraphics.framework */; };
		B908C312193900F400612084 /* UIKit.framework in Frameworks */ = {isa = PBXBuildFile; fileRef = B908C311193900F400612084 /* UIKit.framework */; };
		B908C318193900F400612084 /* InfoPlist.strings in Resources */ = {isa = PBXBuildFile; fileRef = B908C316193900F400612084 /* InfoPlist.strings */; };
		B908C31A193900F400612084 /* main.m in Sources */ = {isa = PBXBuildFile; fileRef = B908C319193900F400612084 /* main.m */; };
		B908C31E193900F400612084 /* AppDelegate.m in Sources */ = {isa = PBXBuildFile; fileRef = B908C31D193900F400612084 /* AppDelegate.m */; };
		B908C321193900F400612084 /* Main.storyboard in Resources */ = {isa = PBXBuildFile; fileRef = B908C31F193900F400612084 /* Main.storyboard */; };
		B908C324193900F400612084 /* ViewController.m in Sources */ = {isa = PBXBuildFile; fileRef = B908C323193900F400612084 /* ViewController.m */; };
		B908C326193900F400612084 /* Images.xcassets in Resources */ = {isa = PBXBuildFile; fileRef = B908C325193900F400612084 /* Images.xcassets */; };
		B908C32D193900F400612084 /* XCTest.framework in Frameworks */ = {isa = PBXBuildFile; fileRef = B908C32C193900F400612084 /* XCTest.framework */; };
		B908C32E193900F400612084 /* Foundation.framework in Frameworks */ = {isa = PBXBuildFile; fileRef = B908C30D193900F400612084 /* Foundation.framework */; };
		B908C32F193900F400612084 /* UIKit.framework in Frameworks */ = {isa = PBXBuildFile; fileRef = B908C311193900F400612084 /* UIKit.framework */; };
		B908C337193900F400612084 /* InfoPlist.strings in Resources */ = {isa = PBXBuildFile; fileRef = B908C335193900F400612084 /* InfoPlist.strings */; };
		B908C339193900F500612084 /* CherrypieTests.m in Sources */ = {isa = PBXBuildFile; fileRef = B908C338193900F500612084 /* CherrypieTests.m */; };
/* End PBXBuildFile section */

/* Begin PBXContainerItemProxy section */
		B908C330193900F400612084 /* PBXContainerItemProxy */ = {
			isa = PBXContainerItemProxy;
			containerPortal = B908C302193900F400612084 /* Project object */;
			proxyType = 1;
			remoteGlobalIDString = B908C309193900F400612084;
			remoteInfo = Cherrypie;
		};
/* End PBXContainerItemProxy section */

/* Begin PBXFileReference section */
		B908C30A193900F400612084 /* Cherrypie.app */ = {isa = PBXFileReference; explicitFileType = wrapper.application; includeInIndex = 0; path = Cherrypie.app; sourceTree = BUILT_PRODUCTS_DIR; };
		B908C30D193900F400612084 /* Foundation.framework */ = {isa = PBXFileReference; lastKnownFileType = wrapper.framework; name = Foundation.framework; path = System/Library/Frameworks/Foundation.framework; sourceTree = SDKROOT; };
		B908C30F193900F400612084 /* CoreGraphics.framework */ = {isa = PBXFileReference; lastKnownFileType = wrapper.framework; name = CoreGraphics.framework; path = System/Library/Frameworks/CoreGraphics.framework; sourceTree = SDKROOT; };
		B908C311193900F400612084 /* UIKit.framework */ = {isa = PBXFileReference; lastKnownFileType = wrapper.framework; name = UIKit.framework; path = System/Library/Frameworks/UIKit.framework; sourceTree = SDKROOT; };
		B908C315193900F400612084 /* Cherrypie-Info.plist */ = {isa = PBXFileReference; lastKnownFileType = text.plist.xml; path = "Cherrypie-Info.plist"; sourceTree = "<group>"; };
		B908C317193900F400612084 /* en */ = {isa = PBXFileReference; lastKnownFileType = text.plist.strings; name = en; path = en.lproj/InfoPlist.strings; sourceTree = "<group>"; };
		B908C319193900F400612084 /* main.m */ = {isa = PBXFileReference; lastKnownFileType = sourcecode.c.objc; path = main.m; sourceTree = "<group>"; };
		B908C31B193900F400612084 /* Cherrypie-Prefix.pch */ = {isa = PBXFileReference; lastKnownFileType = sourcecode.c.h; path = "Cherrypie-Prefix.pch"; sourceTree = "<group>"; };
		B908C31C193900F400612084 /* AppDelegate.h */ = {isa = PBXFileReference; lastKnownFileType = sourcecode.c.h; path = AppDelegate.h; sourceTree = "<group>"; };
		B908C31D193900F400612084 /* AppDelegate.m */ = {isa = PBXFileReference; lastKnownFileType = sourcecode.c.objc; path = AppDelegate.m; sourceTree = "<group>"; };
		B908C320193900F400612084 /* Base */ = {isa = PBXFileReference; lastKnownFileType = file.storyboard; name = Base; path = Base.lproj/Main.storyboard; sourceTree = "<group>"; };
		B908C322193900F400612084 /* ViewController.h */ = {isa = PBXFileReference; lastKnownFileType = sourcecode.c.h; path = ViewController.h; sourceTree = "<group>"; };
		B908C323193900F400612084 /* ViewController.m */ = {isa = PBXFileReference; lastKnownFileType = sourcecode.c.objc; path = ViewController.m; sourceTree = "<group>"; };
		B908C325193900F400612084 /* Images.xcassets */ = {isa = PBXFileReference; lastKnownFileType = folder.assetcatalog; path = Images.xcassets; sourceTree = "<group>"; };
		B908C32B193900F400612084 /* CherrypieTests.xctest */ = {isa = PBXFileReference; explicitFileType = wrapper.cfbundle; includeInIndex = 0; path = CherrypieTests.xctest; sourceTree = BUILT_PRODUCTS_DIR; };
		B908C32C193900F400612084 /* XCTest.framework */ = {isa = PBXFileReference; lastKnownFileType = wrapper.framework; name = XCTest.framework; path = Library/Frameworks/XCTest.framework; sourceTree = DEVELOPER_DIR; };
		B908C334193900F400612084 /* CherrypieTests-Info.plist */ = {isa = PBXFileReference; lastKnownFileType = text.plist.xml; path = "CherrypieTests-Info.plist"; sourceTree = "<group>"; };
		B908C336193900F400612084 /* en */ = {isa = PBXFileReference; lastKnownFileType = text.plist.strings; name = en; path = en.lproj/InfoPlist.strings; sourceTree = "<group>"; };
		B908C338193900F500612084 /* CherrypieTests.m */ = {isa = PBXFileReference; lastKnownFileType = sourcecode.c.objc; path = CherrypieTests.m; sourceTree = "<group>"; };
/* End PBXFileReference section */

/* Begin PBXFrameworksBuildPhase section */
		B908C307193900F400612084 /* Frameworks */ = {
			isa = PBXFrameworksBuildPhase;
			buildActionMask = 2147483647;
			files = (
				B908C310193900F400612084 /* CoreGraphics.framework in Frameworks */,
				B908C312193900F400612084 /* UIKit.framework in Frameworks */,
				B908C30E193900F400612084 /* Foundation.framework in Frameworks */,
			);
			runOnlyForDeploymentPostprocessing = 0;
		};
		B908C328193900F400612084 /* Frameworks */ = {
			isa = PBXFrameworksBuildPhase;
			buildActionMask = 2147483647;
			files = (
				B908C32D193900F400612084 /* XCTest.framework in Frameworks */,
				B908C32F193900F400612084 /* UIKit.framework in Frameworks */,
				B908C32E193900F400612084 /* Foundation.framework in Frameworks */,
			);
			runOnlyForDeploymentPostprocessing = 0;
		};
/* End PBXFrameworksBuildPhase section */

/* Begin PBXGroup section */
		B908C301193900F400612084 = {
			isa = PBXGroup;
			children = (
				B908C313193900F400612084 /* Cherrypie */,
				B908C332193900F400612084 /* CherrypieTests */,
				B908C30C193900F400612084 /* Frameworks */,
				B908C30B193900F400612084 /* Products */,
			);
			sourceTree = "<group>";
		};
		B908C30B193900F400612084 /* Products */ = {
			isa = PBXGroup;
			children = (
				B908C30A193900F400612084 /* Cherrypie.app */,
				B908C32B193900F400612084 /* CherrypieTests.xctest */,
			);
			name = Products;
			sourceTree = "<group>";
		};
		B908C30C193900F400612084 /* Frameworks */ = {
			isa = PBXGroup;
			children = (
				B908C30D193900F400612084 /* Foundation.framework */,
				B908C30F193900F400612084 /* CoreGraphics.framework */,
				B908C311193900F400612084 /* UIKit.framework */,
				B908C32C193900F400612084 /* XCTest.framework */,
			);
			name = Frameworks;
			sourceTree = "<group>";
		};
		B908C313193900F400612084 /* Cherrypie */ = {
			isa = PBXGroup;
			children = (
				B908C31C193900F400612084 /* AppDelegate.h */,
				B908C31D193900F400612084 /* AppDelegate.m */,
				B908C31F193900F400612084 /* Main.storyboard */,
				B908C322193900F400612084 /* ViewController.h */,
				B908C323193900F400612084 /* ViewController.m */,
				B908C325193900F400612084 /* Images.xcassets */,
				B908C314193900F400612084 /* Supporting Files */,
			);
			path = Cherrypie;
			sourceTree = "<group>";
		};
		B908C314193900F400612084 /* Supporting Files */ = {
			isa = PBXGroup;
			children = (
				B908C315193900F400612084 /* Cherrypie-Info.plist */,
				B908C316193900F400612084 /* InfoPlist.strings */,
				B908C319193900F400612084 /* main.m */,
				B908C31B193900F400612084 /* Cherrypie-Prefix.pch */,
			);
			name = "Supporting Files";
			sourceTree = "<group>";
		};
		B908C332193900F400612084 /* CherrypieTests */ = {
			isa = PBXGroup;
			children = (
				B908C338193900F500612084 /* CherrypieTests.m */,
				B908C333193900F400612084 /* Supporting Files */,
			);
			path = CherrypieTests;
			sourceTree = "<group>";
		};
		B908C333193900F400612084 /* Supporting Files */ = {
			isa = PBXGroup;
			children = (
				B908C334193900F400612084 /* CherrypieTests-Info.plist */,
				B908C335193900F400612084 /* InfoPlist.strings */,
			);
			name = "Supporting Files";
			sourceTree = "<group>";
		};
/* End PBXGroup section */

/* Begin PBXNativeTarget section */
		B908C309193900F400612084 /* Cherrypie */ = {
			isa = PBXNativeTarget;
			buildConfigurationList = B908C33C193900F500612084 /* Build configuration list for PBXNativeTarget "Cherrypie" */;
			buildPhases = (
				B908C306193900F400612084 /* Sources */,
				B908C307193900F400612084 /* Frameworks */,
				B908C308193900F400612084 /* Resources */,
			);
			buildRules = (
			);
			dependencies = (
			);
			name = Cherrypie;
			productName = Cherrypie;
			productReference = B908C30A193900F400612084 /* Cherrypie.app */;
			productType = "com.apple.product-type.application";
		};
		B908C32A193900F400612084 /* CherrypieTests */ = {
			isa = PBXNativeTarget;
			buildConfigurationList = B908C33F193900F500612084 /* Build configuration list for PBXNativeTarget "CherrypieTests" */;
			buildPhases = (
				B908C327193900F400612084 /* Sources */,
				B908C328193900F400612084 /* Frameworks */,
				B908C329193900F400612084 /* Resources */,
			);
			buildRules = (
			);
			dependencies = (
				B908C331193900F400612084 /* PBXTargetDependency */,
			);
			name = CherrypieTests;
			productName = CherrypieTests;
			productReference = B908C32B193900F400612084 /* CherrypieTests.xctest */;
			productType = "com.apple.product-type.bundle.unit-test";
		};
/* End PBXNativeTarget section */

/* Begin PBXProject section */
		B908C302193900F400612084 /* Project object */ = {
			isa = PBXProject;
			attributes = {
				LastUpgradeCheck = 0500;
				ORGANIZATIONNAME = "Lorne Lantz";
				TargetAttributes = {
					B908C32A193900F400612084 = {
						TestTargetID = B908C309193900F400612084;
					};
				};
			};
			buildConfigurationList = B908C305193900F400612084 /* Build configuration list for PBXProject "Cherrypie" */;
			compatibilityVersion = "Xcode 3.2";
			developmentRegion = English;
			hasScannedForEncodings = 0;
			knownRegions = (
				en,
				Base,
			);
			mainGroup = B908C301193900F400612084;
			productRefGroup = B908C30B193900F400612084 /* Products */;
			projectDirPath = "";
			projectRoot = "";
			targets = (
				B908C309193900F400612084 /* Cherrypie */,
				B908C32A193900F400612084 /* CherrypieTests */,
			);
		};
/* End PBXProject section */

/* Begin PBXResourcesBuildPhase section */
		B908C308193900F400612084 /* Resources */ = {
			isa = PBXResourcesBuildPhase;
			buildActionMask = 2147483647;
			files = (
				B908C326193900F400612084 /* Images.xcassets in Resources */,
				B908C318193900F400612084 /* InfoPlist.strings in Resources */,
				B908C321193900F400612084 /* Main.storyboard in Resources */,
			);
			runOnlyForDeploymentPostprocessing = 0;
		};
		B908C329193900F400612084 /* Resources */ = {
			isa = PBXResourcesBuildPhase;
			buildActionMask = 2147483647;
			files = (
				B908C337193900F400612084 /* InfoPlist.strings in Resources */,
			);
			runOnlyForDeploymentPostprocessing = 0;
		};
/* End PBXResourcesBuildPhase section */

/* Begin PBXSourcesBuildPhase section */
		B908C306193900F400612084 /* Sources */ = {
			isa = PBXSourcesBuildPhase;
			buildActionMask = 2147483647;
			files = (
				B908C324193900F400612084 /* ViewController.m in Sources */,
				B908C31E193900F400612084 /* AppDelegate.m in Sources */,
				B908C31A193900F400612084 /* main.m in Sources */,
			);
			runOnlyForDeploymentPostprocessing = 0;
		};
		B908C327193900F400612084 /* Sources */ = {
			isa = PBXSourcesBuildPhase;
			buildActionMask = 2147483647;
			files = (
				B908C339193900F500612084 /* CherrypieTests.m in Sources */,
			);
			runOnlyForDeploymentPostprocessing = 0;
		};
/* End PBXSourcesBuildPhase section */

/* Begin PBXTargetDependency section */
		B908C331193900F400612084 /* PBXTargetDependency */ = {
			isa = PBXTargetDependency;
			target = B908C309193900F400612084 /* Cherrypie */;
			targetProxy = B908C330193900F400612084 /* PBXContainerItemProxy */;
		};
/* End PBXTargetDependency section */

/* Begin PBXVariantGroup section */
		B908C316193900F400612084 /* InfoPlist.strings */ = {
			isa = PBXVariantGroup;
			children = (
				B908C317193900F400612084 /* en */,
			);
			name = InfoPlist.strings;
			sourceTree = "<group>";
		};
		B908C31F193900F400612084 /* Main.storyboard */ = {
			isa = PBXVariantGroup;
			children = (
				B908C320193900F400612084 /* Base */,
			);
			name = Main.storyboard;
			sourceTree = "<group>";
		};
		B908C335193900F400612084 /* InfoPlist.strings */ = {
			isa = PBXVariantGroup;
			children = (
				B908C336193900F400612084 /* en */,
			);
			name = InfoPlist.strings;
			sourceTree = "<group>";
		};
/* End PBXVariantGroup section */

/* Begin XCBuildConfiguration section */
		B908C33A193900F500612084 /* Debug */ = {
			isa = XCBuildConfiguration;
			buildSettings = {
				ALWAYS_SEARCH_USER_PATHS = NO;
				ARCHS = "$(ARCHS_STANDARD_INCLUDING_64_BIT)";
				CLANG_CXX_LANGUAGE_STANDARD = "gnu++0x";
				CLANG_CXX_LIBRARY = "libc++";
				CLANG_ENABLE_MODULES = YES;
				CLANG_ENABLE_OBJC_ARC = YES;
				CLANG_WARN_BOOL_CONVERSION = YES;
				CLANG_WARN_CONSTANT_CONVERSION = YES;
				CLANG_WARN_DIRECT_OBJC_ISA_USAGE = YES_ERROR;
				CLANG_WARN_EMPTY_BODY = YES;
				CLANG_WARN_ENUM_CONVERSION = YES;
				CLANG_WARN_INT_CONVERSION = YES;
				CLANG_WARN_OBJC_ROOT_CLASS = YES_ERROR;
				CLANG_WARN__DUPLICATE_METHOD_MATCH = YES;
				"CODE_SIGN_IDENTITY[sdk=iphoneos*]" = "iPhone Developer";
				COPY_PHASE_STRIP = NO;
				GCC_C_LANGUAGE_STANDARD = gnu99;
				GCC_DYNAMIC_NO_PIC = NO;
				GCC_OPTIMIZATION_LEVEL = 0;
				GCC_PREPROCESSOR_DEFINITIONS = (
					"DEBUG=1",
					"$(inherited)",
				);
				GCC_SYMBOLS_PRIVATE_EXTERN = NO;
				GCC_WARN_64_TO_32_BIT_CONVERSION = YES;
				GCC_WARN_ABOUT_RETURN_TYPE = YES_ERROR;
				GCC_WARN_UNDECLARED_SELECTOR = YES;
				GCC_WARN_UNINITIALIZED_AUTOS = YES;
				GCC_WARN_UNUSED_FUNCTION = YES;
				GCC_WARN_UNUSED_VARIABLE = YES;
				IPHONEOS_DEPLOYMENT_TARGET = 7.0;
				ONLY_ACTIVE_ARCH = YES;
				SDKROOT = iphoneos;
				TARGETED_DEVICE_FAMILY = 2;
			};
			name = Debug;
		};
		B908C33B193900F500612084 /* Release */ = {
			isa = XCBuildConfiguration;
			buildSettings = {
				ALWAYS_SEARCH_USER_PATHS = NO;
				ARCHS = "$(ARCHS_STANDARD_INCLUDING_64_BIT)";
				CLANG_CXX_LANGUAGE_STANDARD = "gnu++0x";
				CLANG_CXX_LIBRARY = "libc++";
				CLANG_ENABLE_MODULES = YES;
				CLANG_ENABLE_OBJC_ARC = YES;
				CLANG_WARN_BOOL_CONVERSION = YES;
				CLANG_WARN_CONSTANT_CONVERSION = YES;
				CLANG_WARN_DIRECT_OBJC_ISA_USAGE = YES_ERROR;
				CLANG_WARN_EMPTY_BODY = YES;
				CLANG_WARN_ENUM_CONVERSION = YES;
				CLANG_WARN_INT_CONVERSION = YES;
				CLANG_WARN_OBJC_ROOT_CLASS = YES_ERROR;
				CLANG_WARN__DUPLICATE_METHOD_MATCH = YES;
				"CODE_SIGN_IDENTITY[sdk=iphoneos*]" = "iPhone Developer";
				COPY_PHASE_STRIP = YES;
				ENABLE_NS_ASSERTIONS = NO;
				GCC_C_LANGUAGE_STANDARD = gnu99;
				GCC_WARN_64_TO_32_BIT_CONVERSION = YES;
				GCC_WARN_ABOUT_RETURN_TYPE = YES_ERROR;
				GCC_WARN_UNDECLARED_SELECTOR = YES;
				GCC_WARN_UNINITIALIZED_AUTOS = YES;
				GCC_WARN_UNUSED_FUNCTION = YES;
				GCC_WARN_UNUSED_VARIABLE = YES;
				IPHONEOS_DEPLOYMENT_TARGET = 7.0;
				SDKROOT = iphoneos;
				TARGETED_DEVICE_FAMILY = 2;
				VALIDATE_PRODUCT = YES;
			};
			name = Release;
		};
		B908C33D193900F500612084 /* Debug */ = {
			isa = XCBuildConfiguration;
			buildSettings = {
				ASSETCATALOG_COMPILER_APPICON_NAME = AppIcon;
				ASSETCATALOG_COMPILER_LAUNCHIMAGE_NAME = LaunchImage;
				GCC_PRECOMPILE_PREFIX_HEADER = YES;
				GCC_PREFIX_HEADER = "Cherrypie/Cherrypie-Prefix.pch";
				INFOPLIST_FILE = "Cherrypie/Cherrypie-Info.plist";
				PRODUCT_NAME = "$(TARGET_NAME)";
				WRAPPER_EXTENSION = app;
			};
			name = Debug;
		};
		B908C33E193900F500612084 /* Release */ = {
			isa = XCBuildConfiguration;
			buildSettings = {
				ASSETCATALOG_COMPILER_APPICON_NAME = AppIcon;
				ASSETCATALOG_COMPILER_LAUNCHIMAGE_NAME = LaunchImage;
				GCC_PRECOMPILE_PREFIX_HEADER = YES;
				GCC_PREFIX_HEADER = "Cherrypie/Cherrypie-Prefix.pch";
				INFOPLIST_FILE = "Cherrypie/Cherrypie-Info.plist";
				PRODUCT_NAME = "$(TARGET_NAME)";
				WRAPPER_EXTENSION = app;
			};
			name = Release;
		};
		B908C340193900F500612084 /* Debug */ = {
			isa = XCBuildConfiguration;
			buildSettings = {
				ARCHS = "$(ARCHS_STANDARD_INCLUDING_64_BIT)";
				BUNDLE_LOADER = "$(BUILT_PRODUCTS_DIR)/Cherrypie.app/Cherrypie";
				FRAMEWORK_SEARCH_PATHS = (
					"$(SDKROOT)/Developer/Library/Frameworks",
					"$(inherited)",
					"$(DEVELOPER_FRAMEWORKS_DIR)",
				);
				GCC_PRECOMPILE_PREFIX_HEADER = YES;
				GCC_PREFIX_HEADER = "Cherrypie/Cherrypie-Prefix.pch";
				GCC_PREPROCESSOR_DEFINITIONS = (
					"DEBUG=1",
					"$(inherited)",
				);
				INFOPLIST_FILE = "CherrypieTests/CherrypieTests-Info.plist";
				PRODUCT_NAME = "$(TARGET_NAME)";
				TEST_HOST = "$(BUNDLE_LOADER)";
				WRAPPER_EXTENSION = xctest;
			};
			name = Debug;
		};
		B908C341193900F500612084 /* Release */ = {
			isa = XCBuildConfiguration;
			buildSettings = {
				ARCHS = "$(ARCHS_STANDARD_INCLUDING_64_BIT)";
				BUNDLE_LOADER = "$(BUILT_PRODUCTS_DIR)/Cherrypie.app/Cherrypie";
				FRAMEWORK_SEARCH_PATHS = (
					"$(SDKROOT)/Developer/Library/Frameworks",
					"$(inherited)",
					"$(DEVELOPER_FRAMEWORKS_DIR)",
				);
				GCC_PRECOMPILE_PREFIX_HEADER = YES;
				GCC_PREFIX_HEADER = "Cherrypie/Cherrypie-Prefix.pch";
				INFOPLIST_FILE = "CherrypieTests/CherrypieTests-Info.plist";
				PRODUCT_NAME = "$(TARGET_NAME)";
				TEST_HOST = "$(BUNDLE_LOADER)";
				WRAPPER_EXTENSION = xctest;
			};
			name = Release;
		};
/* End XCBuildConfiguration section */

/* Begin XCConfigurationList section */
		B908C305193900F400612084 /* Build configuration list for PBXProject "Cherrypie" */ = {
			isa = XCConfigurationList;
			buildConfigurations = (
				B908C33A193900F500612084 /* Debug */,
				B908C33B193900F500612084 /* Release */,
			);
			defaultConfigurationIsVisible = 0;
			defaultConfigurationName = Release;
		};
		B908C33C193900F500612084 /* Build configuration list for PBXNativeTarget "Cherrypie" */ = {
			isa = XCConfigurationList;
			buildConfigurations = (
				B908C33D193900F500612084 /* Debug */,
				B908C33E193900F500612084 /* Release */,
			);
			defaultConfigurationIsVisible = 0;
		};
		B908C33F193900F500612084 /* Build configuration list for PBXNativeTarget "CherrypieTests" */ = {
			isa = XCConfigurationList;
			buildConfigurations = (
				B908C340193900F500612084 /* Debug */,
				B908C341193900F500612084 /* Release */,
			);
			defaultConfigurationIsVisible = 0;
		};
/* End XCConfigurationList section */
	};
	rootObject = B908C302193900F400612084 /* Project object */;
}
